
Microsoft Visual Studio Solution File, Format Version 12.00
# Visual Studio Version 17
VisualStudioVersion = 17.4.33205.214
MinimumVisualStudioVersion = 10.0.40219.1
Project("{FAE04EC0-301F-11D3-BF4B-00C04F79EFBC}") = "DIDemoConsole", "DIDemo\DIDemoConsole.csproj", "{D2EB4318-68FE-4DB2-BA5B-B8FF1926408D}"
EndProject
Project("{FAE04EC0-301F-11D3-BF4B-00C04F79EFBC}") = "DIDemoWebAPI", "DIDemoWebAPI\DIDemoWebAPI.csproj", "{E99EFF70-4985-4762-B020-697E76C1DE03}"
EndProject
Global
	GlobalSection(SolutionConfigurationPlatforms) = preSolution
		Debug|Any CPU = Debug|Any CPU
		Release|Any CPU = Release|Any CPU
	EndGlobalSection
	GlobalSection(ProjectConfigurationPlatforms) = postSolution
		{D2EB4318-68FE-4DB2-BA5B-B8FF1926408D}.Debug|Any CPU.ActiveCfg = Debug|Any CPU
		{D2EB4318-68FE-4DB2-BA5B-B8FF1926408D}.Debug|Any CPU.Build.0 = Debug|Any CPU
		{D2EB4318-68FE-4DB2-BA5B-B8FF1926408D}.Release|Any CPU.ActiveCfg = Release|Any CPU
		{D2EB4318-68FE-4DB2-BA5B-B8FF1926408D}.Release|Any CPU.Build.0 = Release|Any CPU
		{E99EFF70-4985-4762-B020-697E76C1DE03}.Debug|Any CPU.ActiveCfg = Debug|Any CPU
		{E99EFF70-4985-4762-B020-697E76C1DE03}.Debug|Any CPU.Build.0 = Debug|Any CPU
		{E99EFF70-4985-4762-B020-697E76C1DE03}.Release|Any CPU.ActiveCfg = Release|Any CPU
		{E99EFF70-4985-4762-B020-697E76C1DE03}.Release|Any CPU.Build.0 = Release|Any CPU
	EndGlobalSection
	GlobalSection(SolutionProperties) = preSolution
		HideSolutionNode = FALSE
	EndGlobalSection
	GlobalSection(ExtensibilityGlobals) = postSolution
		SolutionGuid = {D1C31558-D1D8-4B15-9E19-435C34B3F2B8}
	EndGlobalSection
EndGlobal
